
Microsoft Visual Studio Solution File, Format Version 12.00
Project("{2150E333-8FDC-42A3-9474-1A3956D46DE8}") = "src", "src", "{9352E35A-DE21-4099-AEA9-6D1DA06D9465}"
EndProject
Project("{2150E333-8FDC-42A3-9474-1A3956D46DE8}") = "tests", "tests", "{4AB1764D-6F68-4F50-9171-0742AF70C833}"
EndProject
Project("{2150E333-8FDC-42A3-9474-1A3956D46DE8}") = "web", "web", "{4F0D1CD4-3D7F-445C-9BAB-7833D1429B30}"
EndProject
Project("{FAE04EC0-301F-11D3-BF4B-00C04F79EFBC}") = "Micro.Erp.Api", "web\Micro.Erp.Api\Micro.Erp.Api.csproj", "{D3FF90F4-6710-4547-B855-9B1CBAC29714}"
EndProject
Project("{FAE04EC0-301F-11D3-BF4B-00C04F79EFBC}") = "Micro.Erp.Domain", "src\Micro.Erp.Domain\Micro.Erp.Domain.csproj", "{8C632F4F-0FA8-416C-8DC2-9F8ADCE5F1F6}"
EndProject
Project("{FAE04EC0-301F-11D3-BF4B-00C04F79EFBC}") = "Micro.Erp.Application", "src\Micro.Erp.Application\Micro.Erp.Application.csproj", "{B37AABA0-2FF9-433F-A6C8-8DA6BE0E005B}"
EndProject
Project("{FAE04EC0-301F-11D3-BF4B-00C04F79EFBC}") = "Micro.Erp.Infra", "src\Micro.Erp.Infra\Micro.Erp.Infra.csproj", "{95BD708A-BB49-4C51-9C90-7DF565E6E298}"
EndProject
Project("{FAE04EC0-301F-11D3-BF4B-00C04F79EFBC}") = "Micro.Erp.Infra.Data", "src\Micro.Erp.Infra.Data\Micro.Erp.Infra.Data.csproj", "{9511A055-6CBB-441E-9254-4E92FDC9D62A}"
EndProject
Project("{FAE04EC0-301F-11D3-BF4B-00C04F79EFBC}") = "Micro.Erp.Utils", "src\Micro.Erp.Utils\Micro.Erp.Utils.csproj", "{9DCC924B-D64C-48AD-8025-A349EA40EB51}"
EndProject
Project("{2150E333-8FDC-42A3-9474-1A3956D46DE8}") = "database", "database", "{9499AF24-339A-4506-9BA2-4346B8D06089}"
EndProject
Project("{FAE04EC0-301F-11D3-BF4B-00C04F79EFBC}") = "Micro.Erp.Migrations", "database\Micro.Erp.Migrations\Micro.Erp.Migrations.csproj", "{877EFA40-D5B7-46BB-8464-952C4FEB1A8A}"
EndProject
Project("{FAE04EC0-301F-11D3-BF4B-00C04F79EFBC}") = "Micro.Erp.Infra.Data.Queries", "src\Micro.Erp.Infra.Data.Queries\Micro.Erp.Infra.Data.Queries.csproj", "{B393F6C3-C0B8-4407-9473-269DA67B3C57}"
EndProject
Global
	GlobalSection(SolutionConfigurationPlatforms) = preSolution
		Debug|Any CPU = Debug|Any CPU
		Release|Any CPU = Release|Any CPU
	EndGlobalSection
	GlobalSection(NestedProjects) = preSolution
		{D3FF90F4-6710-4547-B855-9B1CBAC29714} = {4F0D1CD4-3D7F-445C-9BAB-7833D1429B30}
		{8C632F4F-0FA8-416C-8DC2-9F8ADCE5F1F6} = {9352E35A-DE21-4099-AEA9-6D1DA06D9465}
		{B37AABA0-2FF9-433F-A6C8-8DA6BE0E005B} = {9352E35A-DE21-4099-AEA9-6D1DA06D9465}
		{95BD708A-BB49-4C51-9C90-7DF565E6E298} = {9352E35A-DE21-4099-AEA9-6D1DA06D9465}
		{9511A055-6CBB-441E-9254-4E92FDC9D62A} = {9352E35A-DE21-4099-AEA9-6D1DA06D9465}
		{9DCC924B-D64C-48AD-8025-A349EA40EB51} = {9352E35A-DE21-4099-AEA9-6D1DA06D9465}
		{877EFA40-D5B7-46BB-8464-952C4FEB1A8A} = {9499AF24-339A-4506-9BA2-4346B8D06089}
		{B393F6C3-C0B8-4407-9473-269DA67B3C57} = {9352E35A-DE21-4099-AEA9-6D1DA06D9465}
	EndGlobalSection
	GlobalSection(ProjectConfigurationPlatforms) = postSolution
		{D3FF90F4-6710-4547-B855-9B1CBAC29714}.Debug|Any CPU.ActiveCfg = Debug|Any CPU
		{D3FF90F4-6710-4547-B855-9B1CBAC29714}.Debug|Any CPU.Build.0 = Debug|Any CPU
		{D3FF90F4-6710-4547-B855-9B1CBAC29714}.Release|Any CPU.ActiveCfg = Release|Any CPU
		{D3FF90F4-6710-4547-B855-9B1CBAC29714}.Release|Any CPU.Build.0 = Release|Any CPU
		{8C632F4F-0FA8-416C-8DC2-9F8ADCE5F1F6}.Debug|Any CPU.ActiveCfg = Debug|Any CPU
		{8C632F4F-0FA8-416C-8DC2-9F8ADCE5F1F6}.Debug|Any CPU.Build.0 = Debug|Any CPU
		{8C632F4F-0FA8-416C-8DC2-9F8ADCE5F1F6}.Release|Any CPU.ActiveCfg = Release|Any CPU
		{8C632F4F-0FA8-416C-8DC2-9F8ADCE5F1F6}.Release|Any CPU.Build.0 = Release|Any CPU
		{B37AABA0-2FF9-433F-A6C8-8DA6BE0E005B}.Debug|Any CPU.ActiveCfg = Debug|Any CPU
		{B37AABA0-2FF9-433F-A6C8-8DA6BE0E005B}.Debug|Any CPU.Build.0 = Debug|Any CPU
		{B37AABA0-2FF9-433F-A6C8-8DA6BE0E005B}.Release|Any CPU.ActiveCfg = Release|Any CPU
		{B37AABA0-2FF9-433F-A6C8-8DA6BE0E005B}.Release|Any CPU.Build.0 = Release|Any CPU
		{95BD708A-BB49-4C51-9C90-7DF565E6E298}.Debug|Any CPU.ActiveCfg = Debug|Any CPU
		{95BD708A-BB49-4C51-9C90-7DF565E6E298}.Debug|Any CPU.Build.0 = Debug|Any CPU
		{95BD708A-BB49-4C51-9C90-7DF565E6E298}.Release|Any CPU.ActiveCfg = Release|Any CPU
		{95BD708A-BB49-4C51-9C90-7DF565E6E298}.Release|Any CPU.Build.0 = Release|Any CPU
		{9511A055-6CBB-441E-9254-4E92FDC9D62A}.Debug|Any CPU.ActiveCfg = Debug|Any CPU
		{9511A055-6CBB-441E-9254-4E92FDC9D62A}.Debug|Any CPU.Build.0 = Debug|Any CPU
		{9511A055-6CBB-441E-9254-4E92FDC9D62A}.Release|Any CPU.ActiveCfg = Release|Any CPU
		{9511A055-6CBB-441E-9254-4E92FDC9D62A}.Release|Any CPU.Build.0 = Release|Any CPU
		{9DCC924B-D64C-48AD-8025-A349EA40EB51}.Debug|Any CPU.ActiveCfg = Debug|Any CPU
		{9DCC924B-D64C-48AD-8025-A349EA40EB51}.Debug|Any CPU.Build.0 = Debug|Any CPU
		{9DCC924B-D64C-48AD-8025-A349EA40EB51}.Release|Any CPU.ActiveCfg = Release|Any CPU
		{9DCC924B-D64C-48AD-8025-A349EA40EB51}.Release|Any CPU.Build.0 = Release|Any CPU
		{877EFA40-D5B7-46BB-8464-952C4FEB1A8A}.Debug|Any CPU.ActiveCfg = Debug|Any CPU
		{877EFA40-D5B7-46BB-8464-952C4FEB1A8A}.Debug|Any CPU.Build.0 = Debug|Any CPU
		{877EFA40-D5B7-46BB-8464-952C4FEB1A8A}.Release|Any CPU.ActiveCfg = Release|Any CPU
		{877EFA40-D5B7-46BB-8464-952C4FEB1A8A}.Release|Any CPU.Build.0 = Release|Any CPU
		{B393F6C3-C0B8-4407-9473-269DA67B3C57}.Debug|Any CPU.ActiveCfg = Debug|Any CPU
		{B393F6C3-C0B8-4407-9473-269DA67B3C57}.Debug|Any CPU.Build.0 = Debug|Any CPU
		{B393F6C3-C0B8-4407-9473-269DA67B3C57}.Release|Any CPU.ActiveCfg = Release|Any CPU
		{B393F6C3-C0B8-4407-9473-269DA67B3C57}.Release|Any CPU.Build.0 = Release|Any CPU
	EndGlobalSection
EndGlobal
